{
  "object": {
    "pins": [
      {
        "package": "Retain",
        "repositoryURL": "https://github.com/hainayanda/Retain.git",
        "state": {
          "branch": null,
          "revision": "9786a73cd2eb7ea247723e6245da9aae0adcbacc",
          "version": "1.0.2"
        }
      }
    ]
  },
  "version": 1
}
